// !$*UTF8*$!
{
	archiveVersion = 1;
	classes = {
	};
	objectVersion = 50;
	objects = {

/* Begin PBXBuildFile section */
		AEA11F92240E77F1009F9E86 /* AppDelegate.swift in Sources */ = {isa = PBXBuildFile; fileRef = AEA11F91240E77F1009F9E86 /* AppDelegate.swift */; };
		AEA11F94240E77F1009F9E86 /* SceneDelegate.swift in Sources */ = {isa = PBXBuildFile; fileRef = AEA11F93240E77F1009F9E86 /* SceneDelegate.swift */; };
		AEA11F96240E77F1009F9E86 /* ViewController.swift in Sources */ = {isa = PBXBuildFile; fileRef = AEA11F95240E77F1009F9E86 /* ViewController.swift */; };
		AEA11F99240E77F1009F9E86 /* Main.storyboard in Resources */ = {isa = PBXBuildFile; fileRef = AEA11F97240E77F1009F9E86 /* Main.storyboard */; };
		AEA11F9B240E77F1009F9E86 /* Assets.xcassets in Resources */ = {isa = PBXBuildFile; fileRef = AEA11F9A240E77F1009F9E86 /* Assets.xcassets */; };
		AEA11F9E240E77F1009F9E86 /* LaunchScreen.storyboard in Resources */ = {isa = PBXBuildFile; fileRef = AEA11F9C240E77F1009F9E86 /* LaunchScreen.storyboard */; };
/* End PBXBuildFile section */

/* Begin PBXFileReference section */
		AEA11F8E240E77F1009F9E86 /* Financial Checkup.app */ = {isa = PBXFileReference; explicitFileType = wrapper.application; includeInIndex = 0; path = "Financial Checkup.app"; sourceTree = BUILT_PRODUCTS_DIR; };
		AEA11F91240E77F1009F9E86 /* AppDelegate.swift */ = {isa = PBXFileReference; lastKnownFileType = sourcecode.swift; path = AppDelegate.swift; sourceTree = "<group>"; };
		AEA11F93240E77F1009F9E86 /* SceneDelegate.swift */ = {isa = PBXFileReference; lastKnownFileType = sourcecode.swift; path = SceneDelegate.swift; sourceTree = "<group>"; };
		AEA11F95240E77F1009F9E86 /* ViewController.swift */ = {isa = PBXFileReference; lastKnownFileType = sourcecode.swift; path = ViewController.swift; sourceTree = "<group>"; };
		AEA11F98240E77F1009F9E86 /* Base */ = {isa = PBXFileReference; lastKnownFileType = file.storyboard; name = Base; path = Base.lproj/Main.storyboard; sourceTree = "<group>"; };
		AEA11F9A240E77F1009F9E86 /* Assets.xcassets */ = {isa = PBXFileReference; lastKnownFileType = folder.assetcatalog; path = Assets.xcassets; sourceTree = "<group>"; };
		AEA11F9D240E77F1009F9E86 /* Base */ = {isa = PBXFileReference; lastKnownFileType = file.storyboard; name = Base; path = Base.lproj/LaunchScreen.storyboard; sourceTree = "<group>"; };
		AEA11F9F240E77F1009F9E86 /* Info.plist */ = {isa = PBXFileReference; lastKnownFileType = text.plist.xml; path = Info.plist; sourceTree = "<group>"; };
/* End PBXFileReference section */

/* Begin PBXFrameworksBuildPhase section */
		AEA11F8B240E77F1009F9E86 /* Frameworks */ = {
			isa = PBXFrameworksBuildPhase;
			buildActionMask = 2147483647;
			files = (
			);
			runOnlyForDeploymentPostprocessing = 0;
		};
/* End PBXFrameworksBuildPhase section */

/* Begin PBXGroup section */
		AEA11F85240E77F1009F9E86 = {
			isa = PBXGroup;
			children = (
				AEA11F90240E77F1009F9E86 /* Financial Checkup */,
				AEA11F8F240E77F1009F9E86 /* Products */,
			);
			sourceTree = "<group>";
		};
		AEA11F8F240E77F1009F9E86 /* Products */ = {
			isa = PBXGroup;
			children = (
				AEA11F8E240E77F1009F9E86 /* Financial Checkup.app */,
			);
			name = Products;
			sourceTree = "<group>";
		};
		AEA11F90240E77F1009F9E86 /* Financial Checkup */ = {
			isa = PBXGroup;
			children = (
				AEA11F91240E77F1009F9E86 /* AppDelegate.swift */,
				AEA11F93240E77F1009F9E86 /* SceneDelegate.swift */,
				AEA11F95240E77F1009F9E86 /* ViewController.swift */,
				AEA11F97240E77F1009F9E86 /* Main.storyboard */,
				AEA11F9A240E77F1009F9E86 /* Assets.xcassets */,
				AEA11F9C240E77F1009F9E86 /* LaunchScreen.storyboard */,
				AEA11F9F240E77F1009F9E86 /* Info.plist */,
			);
			path = "Financial Checkup";
			sourceTree = "<group>";
		};
/* End PBXGroup section */

/* Begin PBXNativeTarget section */
		AEA11F8D240E77F1009F9E86 /* Financial Checkup */ = {
			isa = PBXNativeTarget;
			buildConfigurationList = AEA11FA2240E77F1009F9E86 /* Build configuration list for PBXNativeTarget "Financial Checkup" */;
			buildPhases = (
				AEA11F8A240E77F1009F9E86 /* Sources */,
				AEA11F8B240E77F1009F9E86 /* Frameworks */,
				AEA11F8C240E77F1009F9E86 /* Resources */,
			);
			buildRules = (
			);
			dependencies = (
			);
			name = "Financial Checkup";
			productName = "Financial Checkup";
			productReference = AEA11F8E240E77F1009F9E86 /* Financial Checkup.app */;
			productType = "com.apple.product-type.application";
		};
/* End PBXNativeTarget section */

/* Begin PBXProject section */
		AEA11F86240E77F1009F9E86 /* Project object */ = {
			isa = PBXProject;
			attributes = {
				LastSwiftUpdateCheck = 1130;
				LastUpgradeCheck = 1130;
				ORGANIZATIONNAME = Yohan;
				TargetAttributes = {
					AEA11F8D240E77F1009F9E86 = {
						CreatedOnToolsVersion = 11.3.1;
					};
				};
			};
			buildConfigurationList = AEA11F89240E77F1009F9E86 /* Build configuration list for PBXProject "Financial Checkup" */;
			compatibilityVersion = "Xcode 9.3";
			developmentRegion = en;
			hasScannedForEncodings = 0;
			knownRegions = (
				en,
				Base,
			);
			mainGroup = AEA11F85240E77F1009F9E86;
			productRefGroup = AEA11F8F240E77F1009F9E86 /* Products */;
			projectDirPath = "";
			projectRoot = "";
			targets = (
				AEA11F8D240E77F1009F9E86 /* Financial Checkup */,
			);
		};
/* End PBXProject section */

/* Begin PBXResourcesBuildPhase section */
		AEA11F8C240E77F1009F9E86 /* Resources */ = {
			isa = PBXResourcesBuildPhase;
			buildActionMask = 2147483647;
			files = (
				AEA11F9E240E77F1009F9E86 /* LaunchScreen.storyboard in Resources */,
				AEA11F9B240E77F1009F9E86 /* Assets.xcassets in Resources */,
				AEA11F99240E77F1009F9E86 /* Main.storyboard in Resources */,
			);
			runOnlyForDeploymentPostprocessing = 0;
		};
/* End PBXResourcesBuildPhase section */

/* Begin PBXSourcesBuildPhase section */
		AEA11F8A240E77F1009F9E86 /* Sources */ = {
			isa = PBXSourcesBuildPhase;
			buildActionMask = 2147483647;
			files = (
				AEA11F96240E77F1009F9E86 /* ViewController.swift in Sources */,
				AEA11F92240E77F1009F9E86 /* AppDelegate.swift in Sources */,
				AEA11F94240E77F1009F9E86 /* SceneDelegate.swift in Sources */,
			);
			runOnlyForDeploymentPostprocessing = 0;
		};
/* End PBXSourcesBuildPhase section */

/* Begin PBXVariantGroup section */
		AEA11F97240E77F1009F9E86 /* Main.storyboard */ = {
			isa = PBXVariantGroup;
			children = (
				AEA11F98240E77F1009F9E86 /* Base */,
			);
			name = Main.storyboard;
			sourceTree = "<group>";
		};
		AEA11F9C240E77F1009F9E86 /* LaunchScreen.storyboard */ = {
			isa = PBXVariantGroup;
			children = (
				AEA11F9D240E77F1009F9E86 /* Base */,
			);
			name = LaunchScreen.storyboard;
			sourceTree = "<group>";
		};
/* End PBXVariantGroup section */

/* Begin XCBuildConfiguration section */
		AEA11FA0240E77F1009F9E86 /* Debug */ = {
			isa = XCBuildConfiguration;
			buildSettings = {
				ALWAYS_SEARCH_USER_PATHS = NO;
				CLANG_ANALYZER_NONNULL = YES;
				CLANG_ANALYZER_NUMBER_OBJECT_CONVERSION = YES_AGGRESSIVE;
				CLANG_CXX_LANGUAGE_STANDARD = "gnu++14";
				CLANG_CXX_LIBRARY = "libc++";
				CLANG_ENABLE_MODULES = YES;
				CLANG_ENABLE_OBJC_ARC = YES;
				CLANG_ENABLE_OBJC_WEAK = YES;
				CLANG_WARN_BLOCK_CAPTURE_AUTORELEASING = YES;
				CLANG_WARN_BOOL_CONVERSION = YES;
				CLANG_WARN_COMMA = YES;
				CLANG_WARN_CONSTANT_CONVERSION = YES;
				CLANG_WARN_DEPRECATED_OBJC_IMPLEMENTATIONS = YES;
				CLANG_WARN_DIRECT_OBJC_ISA_USAGE = YES_ERROR;
				CLANG_WARN_DOCUMENTATION_COMMENTS = YES;
				CLANG_WARN_EMPTY_BODY = YES;
				CLANG_WARN_ENUM_CONVERSION = YES;
				CLANG_WARN_INFINITE_RECURSION = YES;
				CLANG_WARN_INT_CONVERSION = YES;
				CLANG_WARN_NON_LITERAL_NULL_CONVERSION = YES;
				CLANG_WARN_OBJC_IMPLICIT_RETAIN_SELF = YES;
				CLANG_WARN_OBJC_LITERAL_CONVERSION = YES;
				CLANG_WARN_OBJC_ROOT_CLASS = YES_ERROR;
				CLANG_WARN_RANGE_LOOP_ANALYSIS = YES;
				CLANG_WARN_STRICT_PROTOTYPES = YES;
				CLANG_WARN_SUSPICIOUS_MOVE = YES;
				CLANG_WARN_UNGUARDED_AVAILABILITY = YES_AGGRESSIVE;
				CLANG_WARN_UNREACHABLE_CODE = YES;
				CLANG_WARN__DUPLICATE_METHOD_MATCH = YES;
				COPY_PHASE_STRIP = NO;
				DEBUG_INFORMATION_FORMAT = dwarf;
				ENABLE_STRICT_OBJC_MSGSEND = YES;
				ENABLE_TESTABILITY = YES;
				GCC_C_LANGUAGE_STANDARD = gnu11;
				GCC_DYNAMIC_NO_PIC = NO;
				GCC_NO_COMMON_BLOCKS = YES;
				GCC_OPTIMIZATION_LEVEL = 0;
				GCC_PREPROCESSOR_DEFINITIONS = (
					"DEBUG=1",
					"$(inherited)",
				);
				GCC_WARN_64_TO_32_BIT_CONVERSION = YES;
				GCC_WARN_ABOUT_RETURN_TYPE = YES_ERROR;
				GCC_WARN_UNDECLARED_SELECTOR = YES;
				GCC_WARN_UNINITIALIZED_AUTOS = YES_AGGRESSIVE;
				GCC_WARN_UNUSED_FUNCTION = YES;
				GCC_WARN_UNUSED_VARIABLE = YES;
				IPHONEOS_DEPLOYMENT_TARGET = 13.2;
				MTL_ENABLE_DEBUG_INFO = INCLUDE_SOURCE;
				MTL_FAST_MATH = YES;
				ONLY_ACTIVE_ARCH = YES;
				SDKROOT = iphoneos;
				SWIFT_ACTIVE_COMPILATION_CONDITIONS = DEBUG;
				SWIFT_OPTIMIZATION_LEVEL = "-Onone";
			};
			name = Debug;
		};
		AEA11FA1240E77F1009F9E86 /* Release */ = {
			isa = XCBuildConfiguration;
			buildSettings = {
				ALWAYS_SEARCH_USER_PATHS = NO;
				CLANG_ANALYZER_NONNULL = YES;
				CLANG_ANALYZER_NUMBER_OBJECT_CONVERSION = YES_AGGRESSIVE;
				CLANG_CXX_LANGUAGE_STANDARD = "gnu++14";
				CLANG_CXX_LIBRARY = "libc++";
				CLANG_ENABLE_MODULES = YES;
				CLANG_ENABLE_OBJC_ARC = YES;
				CLANG_ENABLE_OBJC_WEAK = YES;
				CLANG_WARN_BLOCK_CAPTURE_AUTORELEASING = YES;
				CLANG_WARN_BOOL_CONVERSION = YES;
				CLANG_WARN_COMMA = YES;
				CLANG_WARN_CONSTANT_CONVERSION = YES;
				CLANG_WARN_DEPRECATED_OBJC_IMPLEMENTATIONS = YES;
				CLANG_WARN_DIRECT_OBJC_ISA_USAGE = YES_ERROR;
				CLANG_WARN_DOCUMENTATION_COMMENTS = YES;
				CLANG_WARN_EMPTY_BODY = YES;
				CLANG_WARN_ENUM_CONVERSION = YES;
				CLANG_WARN_INFINITE_RECURSION = YES;
				CLANG_WARN_INT_CONVERSION = YES;
				CLANG_WARN_NON_LITERAL_NULL_CONVERSION = YES;
				CLANG_WARN_OBJC_IMPLICIT_RETAIN_SELF = YES;
				CLANG_WARN_OBJC_LITERAL_CONVERSION = YES;
				CLANG_WARN_OBJC_ROOT_CLASS = YES_ERROR;
				CLANG_WARN_RANGE_LOOP_ANALYSIS = YES;
				CLANG_WARN_STRICT_PROTOTYPES = YES;
				CLANG_WARN_SUSPICIOUS_MOVE = YES;
				CLANG_WARN_UNGUARDED_AVAILABILITY = YES_AGGRESSIVE;
				CLANG_WARN_UNREACHABLE_CODE = YES;
				CLANG_WARN__DUPLICATE_METHOD_MATCH = YES;
				COPY_PHASE_STRIP = NO;
				DEBUG_INFORMATION_FORMAT = "dwarf-with-dsym";
				ENABLE_NS_ASSERTIONS = NO;
				ENABLE_STRICT_OBJC_MSGSEND = YES;
				GCC_C_LANGUAGE_STANDARD = gnu11;
				GCC_NO_COMMON_BLOCKS = YES;
				GCC_WARN_64_TO_32_BIT_CONVERSION = YES;
				GCC_WARN_ABOUT_RETURN_TYPE = YES_ERROR;
				GCC_WARN_UNDECLARED_SELECTOR = YES;
				GCC_WARN_UNINITIALIZED_AUTOS = YES_AGGRESSIVE;
				GCC_WARN_UNUSED_FUNCTION = YES;
				GCC_WARN_UNUSED_VARIABLE = YES;
				IPHONEOS_DEPLOYMENT_TARGET = 13.2;
				MTL_ENABLE_DEBUG_INFO = NO;
				MTL_FAST_MATH = YES;
				SDKROOT = iphoneos;
				SWIFT_COMPILATION_MODE = wholemodule;
				SWIFT_OPTIMIZATION_LEVEL = "-O";
				VALIDATE_PRODUCT = YES;
			};
			name = Release;
		};
		AEA11FA3240E77F1009F9E86 /* Debug */ = {
			isa = XCBuildConfiguration;
			buildSettings = {
				ASSETCATALOG_COMPILER_APPICON_NAME = AppIcon;
				CODE_SIGN_STYLE = Automatic;
				INFOPLIST_FILE = "Financial Checkup/Info.plist";
				LD_RUNPATH_SEARCH_PATHS = (
					"$(inherited)",
					"@executable_path/Frameworks",
				);
				PRODUCT_BUNDLE_IDENTIFIER = "yohan.Financial-Checkup";
				PRODUCT_NAME = "$(TARGET_NAME)";
				SWIFT_VERSION = 5.0;
				TARGETED_DEVICE_FAMILY = "1,2";
			};
			name = Debug;
		};
		AEA11FA4240E77F1009F9E86 /* Release */ = {
			isa = XCBuildConfiguration;
			buildSettings = {
				ASSETCATALOG_COMPILER_APPICON_NAME = AppIcon;
				CODE_SIGN_STYLE = Automatic;
				INFOPLIST_FILE = "Financial Checkup/Info.plist";
				LD_RUNPATH_SEARCH_PATHS = (
					"$(inherited)",
					"@executable_path/Frameworks",
				);
				PRODUCT_BUNDLE_IDENTIFIER = "yohan.Financial-Checkup";
				PRODUCT_NAME = "$(TARGET_NAME)";
				SWIFT_VERSION = 5.0;
				TARGETED_DEVICE_FAMILY = "1,2";
			};
			name = Release;
		};
/* End XCBuildConfiguration section */

/* Begin XCConfigurationList section */
		AEA11F89240E77F1009F9E86 /* Build configuration list for PBXProject "Financial Checkup" */ = {
			isa = XCConfigurationList;
			buildConfigurations = (
				AEA11FA0240E77F1009F9E86 /* Debug */,
				AEA11FA1240E77F1009F9E86 /* Release */,
			);
			defaultConfigurationIsVisible = 0;
			defaultConfigurationName = Release;
		};
		AEA11FA2240E77F1009F9E86 /* Build configuration list for PBXNativeTarget "Financial Checkup" */ = {
			isa = XCConfigurationList;
			buildConfigurations = (
				AEA11FA3240E77F1009F9E86 /* Debug */,
				AEA11FA4240E77F1009F9E86 /* Release */,
			);
			defaultConfigurationIsVisible = 0;
			defaultConfigurationName = Release;
		};
/* End XCConfigurationList section */
	};
	rootObject = AEA11F86240E77F1009F9E86 /* Project object */;
}
